// !$*UTF8*$!
{
	archiveVersion = 1;
	classes = {
	};
	objectVersion = 56;
	objects = {

/* Begin PBXBuildFile section */
		FD02C36A2A44707C00070178 /* MirrorApp.swift in Sources */ = {isa = PBXBuildFile; fileRef = FD02C3692A44707C00070178 /* MirrorApp.swift */; };
		FD02C36C2A44707C00070178 /* ContentView.swift in Sources */ = {isa = PBXBuildFile; fileRef = FD02C36B2A44707C00070178 /* ContentView.swift */; };
		FD02C36E2A44707E00070178 /* Assets.xcassets in Resources */ = {isa = PBXBuildFile; fileRef = FD02C36D2A44707E00070178 /* Assets.xcassets */; };
		FD02C3712A44707E00070178 /* Preview Assets.xcassets in Resources */ = {isa = PBXBuildFile; fileRef = FD02C3702A44707E00070178 /* Preview Assets.xcassets */; };
		FDF62E7D2A46CA960011BC09 /* CALayerView.swift in Sources */ = {isa = PBXBuildFile; fileRef = FDF62E7C2A46CA960011BC09 /* CALayerView.swift */; };
		FDF62E7F2A46CCFC0011BC09 /* SimpleVideoCapturePresenter.swift in Sources */ = {isa = PBXBuildFile; fileRef = FDF62E7E2A46CCFB0011BC09 /* SimpleVideoCapturePresenter.swift */; };
		FDF62E812A46CDB80011BC09 /* SimpleVideoCaptureInteractor.swift in Sources */ = {isa = PBXBuildFile; fileRef = FDF62E802A46CDB80011BC09 /* SimpleVideoCaptureInteractor.swift */; };
/* End PBXBuildFile section */

/* Begin PBXFileReference section */
		FD02C3662A44707C00070178 /* Mirror.app */ = {isa = PBXFileReference; explicitFileType = wrapper.application; includeInIndex = 0; path = Mirror.app; sourceTree = BUILT_PRODUCTS_DIR; };
		FD02C3692A44707C00070178 /* MirrorApp.swift */ = {isa = PBXFileReference; lastKnownFileType = sourcecode.swift; path = MirrorApp.swift; sourceTree = "<group>"; };
		FD02C36B2A44707C00070178 /* ContentView.swift */ = {isa = PBXFileReference; lastKnownFileType = sourcecode.swift; path = ContentView.swift; sourceTree = "<group>"; };
		FD02C36D2A44707E00070178 /* Assets.xcassets */ = {isa = PBXFileReference; lastKnownFileType = folder.assetcatalog; path = Assets.xcassets; sourceTree = "<group>"; };
		FD02C3702A44707E00070178 /* Preview Assets.xcassets */ = {isa = PBXFileReference; lastKnownFileType = folder.assetcatalog; path = "Preview Assets.xcassets"; sourceTree = "<group>"; };
		FD02C3772A4473A600070178 /* Info.plist */ = {isa = PBXFileReference; lastKnownFileType = text.plist; path = Info.plist; sourceTree = "<group>"; };
		FDF62E7C2A46CA960011BC09 /* CALayerView.swift */ = {isa = PBXFileReference; lastKnownFileType = sourcecode.swift; path = CALayerView.swift; sourceTree = "<group>"; };
		FDF62E7E2A46CCFB0011BC09 /* SimpleVideoCapturePresenter.swift */ = {isa = PBXFileReference; lastKnownFileType = sourcecode.swift; path = SimpleVideoCapturePresenter.swift; sourceTree = "<group>"; };
		FDF62E802A46CDB80011BC09 /* SimpleVideoCaptureInteractor.swift */ = {isa = PBXFileReference; lastKnownFileType = sourcecode.swift; path = SimpleVideoCaptureInteractor.swift; sourceTree = "<group>"; };
/* End PBXFileReference section */

/* Begin PBXFrameworksBuildPhase section */
		FD02C3632A44707C00070178 /* Frameworks */ = {
			isa = PBXFrameworksBuildPhase;
			buildActionMask = 2147483647;
			files = (
			);
			runOnlyForDeploymentPostprocessing = 0;
		};
/* End PBXFrameworksBuildPhase section */

/* Begin PBXGroup section */
		FD02C35D2A44707C00070178 = {
			isa = PBXGroup;
			children = (
				FD02C3682A44707C00070178 /* Mirror */,
				FD02C3672A44707C00070178 /* Products */,
			);
			sourceTree = "<group>";
		};
		FD02C3672A44707C00070178 /* Products */ = {
			isa = PBXGroup;
			children = (
				FD02C3662A44707C00070178 /* Mirror.app */,
			);
			name = Products;
			sourceTree = "<group>";
		};
		FD02C3682A44707C00070178 /* Mirror */ = {
			isa = PBXGroup;
			children = (
				FD02C3772A4473A600070178 /* Info.plist */,
				FD02C3692A44707C00070178 /* MirrorApp.swift */,
				FDF62E712A45AFA60011BC09 /* Views */,
				FD02C36D2A44707E00070178 /* Assets.xcassets */,
				FD02C36F2A44707E00070178 /* Preview Content */,
			);
			path = Mirror;
			sourceTree = "<group>";
		};
		FD02C36F2A44707E00070178 /* Preview Content */ = {
			isa = PBXGroup;
			children = (
				FD02C3702A44707E00070178 /* Preview Assets.xcassets */,
			);
			path = "Preview Content";
			sourceTree = "<group>";
		};
		FDF62E712A45AFA60011BC09 /* Views */ = {
			isa = PBXGroup;
			children = (
				FD02C36B2A44707C00070178 /* ContentView.swift */,
				FDF62E7C2A46CA960011BC09 /* CALayerView.swift */,
				FDF62E7E2A46CCFB0011BC09 /* SimpleVideoCapturePresenter.swift */,
				FDF62E802A46CDB80011BC09 /* SimpleVideoCaptureInteractor.swift */,
			);
			path = Views;
			sourceTree = "<group>";
		};
/* End PBXGroup section */

/* Begin PBXNativeTarget section */
		FD02C3652A44707C00070178 /* Mirror */ = {
			isa = PBXNativeTarget;
			buildConfigurationList = FD02C3742A44707E00070178 /* Build configuration list for PBXNativeTarget "Mirror" */;
			buildPhases = (
				FD02C3622A44707C00070178 /* Sources */,
				FD02C3632A44707C00070178 /* Frameworks */,
				FD02C3642A44707C00070178 /* Resources */,
			);
			buildRules = (
			);
			dependencies = (
			);
			name = Mirror;
			productName = Mirror;
			productReference = FD02C3662A44707C00070178 /* Mirror.app */;
			productType = "com.apple.product-type.application";
		};
/* End PBXNativeTarget section */

/* Begin PBXProject section */
		FD02C35E2A44707C00070178 /* Project object */ = {
			isa = PBXProject;
			attributes = {
				BuildIndependentTargetsInParallel = 1;
				LastSwiftUpdateCheck = 1430;
				LastUpgradeCheck = 1430;
				TargetAttributes = {
					FD02C3652A44707C00070178 = {
						CreatedOnToolsVersion = 14.3.1;
					};
				};
			};
			buildConfigurationList = FD02C3612A44707C00070178 /* Build configuration list for PBXProject "Mirror" */;
			compatibilityVersion = "Xcode 14.0";
			developmentRegion = en;
			hasScannedForEncodings = 0;
			knownRegions = (
				en,
				Base,
			);
			mainGroup = FD02C35D2A44707C00070178;
			productRefGroup = FD02C3672A44707C00070178 /* Products */;
			projectDirPath = "";
			projectRoot = "";
			targets = (
				FD02C3652A44707C00070178 /* Mirror */,
			);
		};
/* End PBXProject section */

/* Begin PBXResourcesBuildPhase section */
		FD02C3642A44707C00070178 /* Resources */ = {
			isa = PBXResourcesBuildPhase;
			buildActionMask = 2147483647;
			files = (
				FD02C3712A44707E00070178 /* Preview Assets.xcassets in Resources */,
				FD02C36E2A44707E00070178 /* Assets.xcassets in Resources */,
			);
			runOnlyForDeploymentPostprocessing = 0;
		};
/* End PBXResourcesBuildPhase section */

/* Begin PBXSourcesBuildPhase section */
		FD02C3622A44707C00070178 /* Sources */ = {
			isa = PBXSourcesBuildPhase;
			buildActionMask = 2147483647;
			files = (
				FDF62E7D2A46CA960011BC09 /* CALayerView.swift in Sources */,
				FD02C36C2A44707C00070178 /* ContentView.swift in Sources */,
				FD02C36A2A44707C00070178 /* MirrorApp.swift in Sources */,
				FDF62E812A46CDB80011BC09 /* SimpleVideoCaptureInteractor.swift in Sources */,
				FDF62E7F2A46CCFC0011BC09 /* SimpleVideoCapturePresenter.swift in Sources */,
			);
			runOnlyForDeploymentPostprocessing = 0;
		};
/* End PBXSourcesBuildPhase section */

/* Begin XCBuildConfiguration section */
		FD02C3722A44707E00070178 /* Debug */ = {
			isa = XCBuildConfiguration;
			buildSettings = {
				ALWAYS_SEARCH_USER_PATHS = NO;
				CLANG_ANALYZER_NONNULL = YES;
				CLANG_ANALYZER_NUMBER_OBJECT_CONVERSION = YES_AGGRESSIVE;
				CLANG_CXX_LANGUAGE_STANDARD = "gnu++20";
				CLANG_ENABLE_MODULES = YES;
				CLANG_ENABLE_OBJC_ARC = YES;
				CLANG_ENABLE_OBJC_WEAK = YES;
				CLANG_WARN_BLOCK_CAPTURE_AUTORELEASING = YES;
				CLANG_WARN_BOOL_CONVERSION = YES;
				CLANG_WARN_COMMA = YES;
				CLANG_WARN_CONSTANT_CONVERSION = YES;
				CLANG_WARN_DEPRECATED_OBJC_IMPLEMENTATIONS = YES;
				CLANG_WARN_DIRECT_OBJC_ISA_USAGE = YES_ERROR;
				CLANG_WARN_DOCUMENTATION_COMMENTS = YES;
				CLANG_WARN_EMPTY_BODY = YES;
				CLANG_WARN_ENUM_CONVERSION = YES;
				CLANG_WARN_INFINITE_RECURSION = YES;
				CLANG_WARN_INT_CONVERSION = YES;
				CLANG_WARN_NON_LITERAL_NULL_CONVERSION = YES;
				CLANG_WARN_OBJC_IMPLICIT_RETAIN_SELF = YES;
				CLANG_WARN_OBJC_LITERAL_CONVERSION = YES;
				CLANG_WARN_OBJC_ROOT_CLASS = YES_ERROR;
				CLANG_WARN_QUOTED_INCLUDE_IN_FRAMEWORK_HEADER = YES;
				CLANG_WARN_RANGE_LOOP_ANALYSIS = YES;
				CLANG_WARN_STRICT_PROTOTYPES = YES;
				CLANG_WARN_SUSPICIOUS_MOVE = YES;
				CLANG_WARN_UNGUARDED_AVAILABILITY = YES_AGGRESSIVE;
				CLANG_WARN_UNREACHABLE_CODE = YES;
				CLANG_WARN__DUPLICATE_METHOD_MATCH = YES;
				COPY_PHASE_STRIP = NO;
				DEBUG_INFORMATION_FORMAT = dwarf;
				ENABLE_STRICT_OBJC_MSGSEND = YES;
				ENABLE_TESTABILITY = YES;
				GCC_C_LANGUAGE_STANDARD = gnu11;
				GCC_DYNAMIC_NO_PIC = NO;
				GCC_NO_COMMON_BLOCKS = YES;
				GCC_OPTIMIZATION_LEVEL = 0;
				GCC_PREPROCESSOR_DEFINITIONS = (
					"DEBUG=1",
					"$(inherited)",
				);
				GCC_WARN_64_TO_32_BIT_CONVERSION = YES;
				GCC_WARN_ABOUT_RETURN_TYPE = YES_ERROR;
				GCC_WARN_UNDECLARED_SELECTOR = YES;
				GCC_WARN_UNINITIALIZED_AUTOS = YES_AGGRESSIVE;
				GCC_WARN_UNUSED_FUNCTION = YES;
				GCC_WARN_UNUSED_VARIABLE = YES;
				IPHONEOS_DEPLOYMENT_TARGET = 16.4;
				MTL_ENABLE_DEBUG_INFO = INCLUDE_SOURCE;
				MTL_FAST_MATH = YES;
				ONLY_ACTIVE_ARCH = YES;
				SDKROOT = iphoneos;
				SWIFT_ACTIVE_COMPILATION_CONDITIONS = DEBUG;
				SWIFT_OPTIMIZATION_LEVEL = "-Onone";
			};
			name = Debug;
		};
		FD02C3732A44707E00070178 /* Release */ = {
			isa = XCBuildConfiguration;
			buildSettings = {
				ALWAYS_SEARCH_USER_PATHS = NO;
				CLANG_ANALYZER_NONNULL = YES;
				CLANG_ANALYZER_NUMBER_OBJECT_CONVERSION = YES_AGGRESSIVE;
				CLANG_CXX_LANGUAGE_STANDARD = "gnu++20";
				CLANG_ENABLE_MODULES = YES;
				CLANG_ENABLE_OBJC_ARC = YES;
				CLANG_ENABLE_OBJC_WEAK = YES;
				CLANG_WARN_BLOCK_CAPTURE_AUTORELEASING = YES;
				CLANG_WARN_BOOL_CONVERSION = YES;
				CLANG_WARN_COMMA = YES;
				CLANG_WARN_CONSTANT_CONVERSION = YES;
				CLANG_WARN_DEPRECATED_OBJC_IMPLEMENTATIONS = YES;
				CLANG_WARN_DIRECT_OBJC_ISA_USAGE = YES_ERROR;
				CLANG_WARN_DOCUMENTATION_COMMENTS = YES;
				CLANG_WARN_EMPTY_BODY = YES;
				CLANG_WARN_ENUM_CONVERSION = YES;
				CLANG_WARN_INFINITE_RECURSION = YES;
				CLANG_WARN_INT_CONVERSION = YES;
				CLANG_WARN_NON_LITERAL_NULL_CONVERSION = YES;
				CLANG_WARN_OBJC_IMPLICIT_RETAIN_SELF = YES;
				CLANG_WARN_OBJC_LITERAL_CONVERSION = YES;
				CLANG_WARN_OBJC_ROOT_CLASS = YES_ERROR;
				CLANG_WARN_QUOTED_INCLUDE_IN_FRAMEWORK_HEADER = YES;
				CLANG_WARN_RANGE_LOOP_ANALYSIS = YES;
				CLANG_WARN_STRICT_PROTOTYPES = YES;
				CLANG_WARN_SUSPICIOUS_MOVE = YES;
				CLANG_WARN_UNGUARDED_AVAILABILITY = YES_AGGRESSIVE;
				CLANG_WARN_UNREACHABLE_CODE = YES;
				CLANG_WARN__DUPLICATE_METHOD_MATCH = YES;
				COPY_PHASE_STRIP = NO;
				DEBUG_INFORMATION_FORMAT = "dwarf-with-dsym";
				ENABLE_NS_ASSERTIONS = NO;
				ENABLE_STRICT_OBJC_MSGSEND = YES;
				GCC_C_LANGUAGE_STANDARD = gnu11;
				GCC_NO_COMMON_BLOCKS = YES;
				GCC_WARN_64_TO_32_BIT_CONVERSION = YES;
				GCC_WARN_ABOUT_RETURN_TYPE = YES_ERROR;
				GCC_WARN_UNDECLARED_SELECTOR = YES;
				GCC_WARN_UNINITIALIZED_AUTOS = YES_AGGRESSIVE;
				GCC_WARN_UNUSED_FUNCTION = YES;
				GCC_WARN_UNUSED_VARIABLE = YES;
				IPHONEOS_DEPLOYMENT_TARGET = 16.4;
				MTL_ENABLE_DEBUG_INFO = NO;
				MTL_FAST_MATH = YES;
				SDKROOT = iphoneos;
				SWIFT_COMPILATION_MODE = wholemodule;
				SWIFT_OPTIMIZATION_LEVEL = "-O";
				VALIDATE_PRODUCT = YES;
			};
			name = Release;
		};
		FD02C3752A44707E00070178 /* Debug */ = {
			isa = XCBuildConfiguration;
			buildSettings = {
				ASSETCATALOG_COMPILER_APPICON_NAME = AppIcon;
				ASSETCATALOG_COMPILER_GLOBAL_ACCENT_COLOR_NAME = AccentColor;
				CODE_SIGN_STYLE = Automatic;
				CURRENT_PROJECT_VERSION = 1;
				DEVELOPMENT_ASSET_PATHS = "\"Mirror/Preview Content\"";
				DEVELOPMENT_TEAM = T9U9A227FB;
				ENABLE_PREVIEWS = YES;
				GENERATE_INFOPLIST_FILE = YES;
				INFOPLIST_FILE = Mirror/Info.plist;
				INFOPLIST_KEY_NSCameraUsageDescription = "";
				INFOPLIST_KEY_UIApplicationSceneManifest_Generation = YES;
				INFOPLIST_KEY_UIApplicationSupportsIndirectInputEvents = YES;
				INFOPLIST_KEY_UILaunchScreen_Generation = YES;
				INFOPLIST_KEY_UISupportedInterfaceOrientations_iPad = "UIInterfaceOrientationPortrait UIInterfaceOrientationPortraitUpsideDown UIInterfaceOrientationLandscapeLeft UIInterfaceOrientationLandscapeRight";
				INFOPLIST_KEY_UISupportedInterfaceOrientations_iPhone = "UIInterfaceOrientationPortrait UIInterfaceOrientationLandscapeLeft UIInterfaceOrientationLandscapeRight";
				LD_RUNPATH_SEARCH_PATHS = (
					"$(inherited)",
					"@executable_path/Frameworks",
				);
				MARKETING_VERSION = 1.0;
				PRODUCT_BUNDLE_IDENTIFIER = com.hiroki.Mirror;
				PRODUCT_NAME = "$(TARGET_NAME)";
				SWIFT_EMIT_LOC_STRINGS = YES;
				SWIFT_VERSION = 5.0;
				TARGETED_DEVICE_FAMILY = "1,2";
			};
			name = Debug;
		};
		FD02C3762A44707E00070178 /* Release */ = {
			isa = XCBuildConfiguration;
			buildSettings = {
				ASSETCATALOG_COMPILER_APPICON_NAME = AppIcon;
				ASSETCATALOG_COMPILER_GLOBAL_ACCENT_COLOR_NAME = AccentColor;
				CODE_SIGN_STYLE = Automatic;
				CURRENT_PROJECT_VERSION = 1;
				DEVELOPMENT_ASSET_PATHS = "\"Mirror/Preview Content\"";
				DEVELOPMENT_TEAM = T9U9A227FB;
				ENABLE_PREVIEWS = YES;
				GENERATE_INFOPLIST_FILE = YES;
				INFOPLIST_FILE = Mirror/Info.plist;
				INFOPLIST_KEY_NSCameraUsageDescription = "";
				INFOPLIST_KEY_UIApplicationSceneManifest_Generation = YES;
				INFOPLIST_KEY_UIApplicationSupportsIndirectInputEvents = YES;
				INFOPLIST_KEY_UILaunchScreen_Generation = YES;
				INFOPLIST_KEY_UISupportedInterfaceOrientations_iPad = "UIInterfaceOrientationPortrait UIInterfaceOrientationPortraitUpsideDown UIInterfaceOrientationLandscapeLeft UIInterfaceOrientationLandscapeRight";
				INFOPLIST_KEY_UISupportedInterfaceOrientations_iPhone = "UIInterfaceOrientationPortrait UIInterfaceOrientationLandscapeLeft UIInterfaceOrientationLandscapeRight";
				LD_RUNPATH_SEARCH_PATHS = (
					"$(inherited)",
					"@executable_path/Frameworks",
				);
				MARKETING_VERSION = 1.0;
				PRODUCT_BUNDLE_IDENTIFIER = com.hiroki.Mirror;
				PRODUCT_NAME = "$(TARGET_NAME)";
				SWIFT_EMIT_LOC_STRINGS = YES;
				SWIFT_VERSION = 5.0;
				TARGETED_DEVICE_FAMILY = "1,2";
			};
			name = Release;
		};
/* End XCBuildConfiguration section */

/* Begin XCConfigurationList section */
		FD02C3612A44707C00070178 /* Build configuration list for PBXProject "Mirror" */ = {
			isa = XCConfigurationList;
			buildConfigurations = (
				FD02C3722A44707E00070178 /* Debug */,
				FD02C3732A44707E00070178 /* Release */,
			);
			defaultConfigurationIsVisible = 0;
			defaultConfigurationName = Release;
		};
		FD02C3742A44707E00070178 /* Build configuration list for PBXNativeTarget "Mirror" */ = {
			isa = XCConfigurationList;
			buildConfigurations = (
				FD02C3752A44707E00070178 /* Debug */,
				FD02C3762A44707E00070178 /* Release */,
			);
			defaultConfigurationIsVisible = 0;
			defaultConfigurationName = Release;
		};
/* End XCConfigurationList section */
	};
	rootObject = FD02C35E2A44707C00070178 /* Project object */;
}
